
Microsoft Visual Studio Solution File, Format Version 12.00
# Visual Studio Version 17
VisualStudioVersion = 17.3.32922.545
MinimumVisualStudioVersion = 10.0.40219.1
Project("{FAE04EC0-301F-11D3-BF4B-00C04F79EFBC}") = "Task_GreenApi", "Task_GreenApi\Task_GreenApi.csproj", "{DD3CE875-C096-46D2-98A0-7D8373C424EC}"
EndProject
Global
	GlobalSection(SolutionConfigurationPlatforms) = preSolution
		Debug|Any CPU = Debug|Any CPU
		Release|Any CPU = Release|Any CPU
	EndGlobalSection
	GlobalSection(ProjectConfigurationPlatforms) = postSolution
		{DD3CE875-C096-46D2-98A0-7D8373C424EC}.Debug|Any CPU.ActiveCfg = Debug|Any CPU
		{DD3CE875-C096-46D2-98A0-7D8373C424EC}.Debug|Any CPU.Build.0 = Debug|Any CPU
		{DD3CE875-C096-46D2-98A0-7D8373C424EC}.Release|Any CPU.ActiveCfg = Release|Any CPU
		{DD3CE875-C096-46D2-98A0-7D8373C424EC}.Release|Any CPU.Build.0 = Release|Any CPU
	EndGlobalSection
	GlobalSection(SolutionProperties) = preSolution
		HideSolutionNode = FALSE
	EndGlobalSection
	GlobalSection(ExtensibilityGlobals) = postSolution
		SolutionGuid = {CF34725E-9BDE-494B-9C45-321EE4FB0911}
	EndGlobalSection
EndGlobal
